// !$*UTF8*$!
{
	archiveVersion = 1;
	classes = {
	};
	objectVersion = 77;
	objects = {

/* Begin PBXContainerItemProxy section */
		C717CB4D2D7F68AC0030667A /* PBXContainerItemProxy */ = {
			isa = PBXContainerItemProxy;
			containerPortal = C717CB2E2D7F68AA0030667A /* Project object */;
			proxyType = 1;
			remoteGlobalIDString = C717CB352D7F68AA0030667A;
			remoteInfo = MiniWeatherApp;
		};
		C717CB572D7F68AC0030667A /* PBXContainerItemProxy */ = {
			isa = PBXContainerItemProxy;
			containerPortal = C717CB2E2D7F68AA0030667A /* Project object */;
			proxyType = 1;
			remoteGlobalIDString = C717CB352D7F68AA0030667A;
			remoteInfo = MiniWeatherApp;
		};
/* End PBXContainerItemProxy section */

/* Begin PBXFileReference section */
		C717CB362D7F68AA0030667A /* MiniWeatherApp.app */ = {isa = PBXFileReference; explicitFileType = wrapper.application; includeInIndex = 0; path = MiniWeatherApp.app; sourceTree = BUILT_PRODUCTS_DIR; };
		C717CB4C2D7F68AC0030667A /* MiniWeatherAppTests.xctest */ = {isa = PBXFileReference; explicitFileType = wrapper.cfbundle; includeInIndex = 0; path = MiniWeatherAppTests.xctest; sourceTree = BUILT_PRODUCTS_DIR; };
		C717CB562D7F68AC0030667A /* MiniWeatherAppUITests.xctest */ = {isa = PBXFileReference; explicitFileType = wrapper.cfbundle; includeInIndex = 0; path = MiniWeatherAppUITests.xctest; sourceTree = BUILT_PRODUCTS_DIR; };
/* End PBXFileReference section */

/* Begin PBXFileSystemSynchronizedBuildFileExceptionSet section */
		C717CB5E2D7F68AC0030667A /* Exceptions for "MiniWeatherApp" folder in "MiniWeatherApp" target */ = {
			isa = PBXFileSystemSynchronizedBuildFileExceptionSet;
			membershipExceptions = (
				Info.plist,
			);
			target = C717CB352D7F68AA0030667A /* MiniWeatherApp */;
		};
/* End PBXFileSystemSynchronizedBuildFileExceptionSet section */

/* Begin PBXFileSystemSynchronizedRootGroup section */
		C717CB382D7F68AA0030667A /* MiniWeatherApp */ = {
			isa = PBXFileSystemSynchronizedRootGroup;
			exceptions = (
				C717CB5E2D7F68AC0030667A /* Exceptions for "MiniWeatherApp" folder in "MiniWeatherApp" target */,
			);
			path = MiniWeatherApp;
			sourceTree = "<group>";
		};
		C717CB4F2D7F68AC0030667A /* MiniWeatherAppTests */ = {
			isa = PBXFileSystemSynchronizedRootGroup;
			path = MiniWeatherAppTests;
			sourceTree = "<group>";
		};
		C717CB592D7F68AC0030667A /* MiniWeatherAppUITests */ = {
			isa = PBXFileSystemSynchronizedRootGroup;
			path = MiniWeatherAppUITests;
			sourceTree = "<group>";
		};
/* End PBXFileSystemSynchronizedRootGroup section */

/* Begin PBXFrameworksBuildPhase section */
		C717CB332D7F68AA0030667A /* Frameworks */ = {
			isa = PBXFrameworksBuildPhase;
			buildActionMask = 2147483647;
			files = (
			);
			runOnlyForDeploymentPostprocessing = 0;
		};
		C717CB492D7F68AC0030667A /* Frameworks */ = {
			isa = PBXFrameworksBuildPhase;
			buildActionMask = 2147483647;
			files = (
			);
			runOnlyForDeploymentPostprocessing = 0;
		};
		C717CB532D7F68AC0030667A /* Frameworks */ = {
			isa = PBXFrameworksBuildPhase;
			buildActionMask = 2147483647;
			files = (
			);
			runOnlyForDeploymentPostprocessing = 0;
		};
/* End PBXFrameworksBuildPhase section */

/* Begin PBXGroup section */
		C717CB2D2D7F68AA0030667A = {
			isa = PBXGroup;
			children = (
				C717CB382D7F68AA0030667A /* MiniWeatherApp */,
				C717CB4F2D7F68AC0030667A /* MiniWeatherAppTests */,
				C717CB592D7F68AC0030667A /* MiniWeatherAppUITests */,
				C717CB372D7F68AA0030667A /* Products */,
			);
			sourceTree = "<group>";
		};
		C717CB372D7F68AA0030667A /* Products */ = {
			isa = PBXGroup;
			children = (
				C717CB362D7F68AA0030667A /* MiniWeatherApp.app */,
				C717CB4C2D7F68AC0030667A /* MiniWeatherAppTests.xctest */,
				C717CB562D7F68AC0030667A /* MiniWeatherAppUITests.xctest */,
			);
			name = Products;
			sourceTree = "<group>";
		};
/* End PBXGroup section */

/* Begin PBXNativeTarget section */
		C717CB352D7F68AA0030667A /* MiniWeatherApp */ = {
			isa = PBXNativeTarget;
			buildConfigurationList = C717CB5F2D7F68AC0030667A /* Build configuration list for PBXNativeTarget "MiniWeatherApp" */;
			buildPhases = (
				C717CB322D7F68AA0030667A /* Sources */,
				C717CB332D7F68AA0030667A /* Frameworks */,
				C717CB342D7F68AA0030667A /* Resources */,
			);
			buildRules = (
			);
			dependencies = (
			);
			fileSystemSynchronizedGroups = (
				C717CB382D7F68AA0030667A /* MiniWeatherApp */,
			);
			name = MiniWeatherApp;
			packageProductDependencies = (
			);
			productName = MiniWeatherApp;
			productReference = C717CB362D7F68AA0030667A /* MiniWeatherApp.app */;
			productType = "com.apple.product-type.application";
		};
		C717CB4B2D7F68AC0030667A /* MiniWeatherAppTests */ = {
			isa = PBXNativeTarget;
			buildConfigurationList = C717CB642D7F68AC0030667A /* Build configuration list for PBXNativeTarget "MiniWeatherAppTests" */;
			buildPhases = (
				C717CB482D7F68AC0030667A /* Sources */,
				C717CB492D7F68AC0030667A /* Frameworks */,
				C717CB4A2D7F68AC0030667A /* Resources */,
			);
			buildRules = (
			);
			dependencies = (
				C717CB4E2D7F68AC0030667A /* PBXTargetDependency */,
			);
			fileSystemSynchronizedGroups = (
				C717CB4F2D7F68AC0030667A /* MiniWeatherAppTests */,
			);
			name = MiniWeatherAppTests;
			packageProductDependencies = (
			);
			productName = MiniWeatherAppTests;
			productReference = C717CB4C2D7F68AC0030667A /* MiniWeatherAppTests.xctest */;
			productType = "com.apple.product-type.bundle.unit-test";
		};
		C717CB552D7F68AC0030667A /* MiniWeatherAppUITests */ = {
			isa = PBXNativeTarget;
			buildConfigurationList = C717CB672D7F68AC0030667A /* Build configuration list for PBXNativeTarget "MiniWeatherAppUITests" */;
			buildPhases = (
				C717CB522D7F68AC0030667A /* Sources */,
				C717CB532D7F68AC0030667A /* Frameworks */,
				C717CB542D7F68AC0030667A /* Resources */,
			);
			buildRules = (
			);
			dependencies = (
				C717CB582D7F68AC0030667A /* PBXTargetDependency */,
			);
			fileSystemSynchronizedGroups = (
				C717CB592D7F68AC0030667A /* MiniWeatherAppUITests */,
			);
			name = MiniWeatherAppUITests;
			packageProductDependencies = (
			);
			productName = MiniWeatherAppUITests;
			productReference = C717CB562D7F68AC0030667A /* MiniWeatherAppUITests.xctest */;
			productType = "com.apple.product-type.bundle.ui-testing";
		};
/* End PBXNativeTarget section */

/* Begin PBXProject section */
		C717CB2E2D7F68AA0030667A /* Project object */ = {
			isa = PBXProject;
			attributes = {
				BuildIndependentTargetsInParallel = 1;
				LastSwiftUpdateCheck = 1620;
				LastUpgradeCheck = 1620;
				TargetAttributes = {
					C717CB352D7F68AA0030667A = {
						CreatedOnToolsVersion = 16.2;
					};
					C717CB4B2D7F68AC0030667A = {
						CreatedOnToolsVersion = 16.2;
						TestTargetID = C717CB352D7F68AA0030667A;
					};
					C717CB552D7F68AC0030667A = {
						CreatedOnToolsVersion = 16.2;
						TestTargetID = C717CB352D7F68AA0030667A;
					};
				};
			};
			buildConfigurationList = C717CB312D7F68AA0030667A /* Build configuration list for PBXProject "MiniWeatherApp" */;
			developmentRegion = en;
			hasScannedForEncodings = 0;
			knownRegions = (
				en,
				Base,
			);
			mainGroup = C717CB2D2D7F68AA0030667A;
			minimizedProjectReferenceProxies = 1;
			preferredProjectObjectVersion = 77;
			productRefGroup = C717CB372D7F68AA0030667A /* Products */;
			projectDirPath = "";
			projectRoot = "";
			targets = (
				C717CB352D7F68AA0030667A /* MiniWeatherApp */,
				C717CB4B2D7F68AC0030667A /* MiniWeatherAppTests */,
				C717CB552D7F68AC0030667A /* MiniWeatherAppUITests */,
			);
		};
/* End PBXProject section */

/* Begin PBXResourcesBuildPhase section */
		C717CB342D7F68AA0030667A /* Resources */ = {
			isa = PBXResourcesBuildPhase;
			buildActionMask = 2147483647;
			files = (
			);
			runOnlyForDeploymentPostprocessing = 0;
		};
		C717CB4A2D7F68AC0030667A /* Resources */ = {
			isa = PBXResourcesBuildPhase;
			buildActionMask = 2147483647;
			files = (
			);
			runOnlyForDeploymentPostprocessing = 0;
		};
		C717CB542D7F68AC0030667A /* Resources */ = {
			isa = PBXResourcesBuildPhase;
			buildActionMask = 2147483647;
			files = (
			);
			runOnlyForDeploymentPostprocessing = 0;
		};
/* End PBXResourcesBuildPhase section */

/* Begin PBXSourcesBuildPhase section */
		C717CB322D7F68AA0030667A /* Sources */ = {
			isa = PBXSourcesBuildPhase;
			buildActionMask = 2147483647;
			files = (
			);
			runOnlyForDeploymentPostprocessing = 0;
		};
		C717CB482D7F68AC0030667A /* Sources */ = {
			isa = PBXSourcesBuildPhase;
			buildActionMask = 2147483647;
			files = (
			);
			runOnlyForDeploymentPostprocessing = 0;
		};
		C717CB522D7F68AC0030667A /* Sources */ = {
			isa = PBXSourcesBuildPhase;
			buildActionMask = 2147483647;
			files = (
			);
			runOnlyForDeploymentPostprocessing = 0;
		};
/* End PBXSourcesBuildPhase section */

/* Begin PBXTargetDependency section */
		C717CB4E2D7F68AC0030667A /* PBXTargetDependency */ = {
			isa = PBXTargetDependency;
			target = C717CB352D7F68AA0030667A /* MiniWeatherApp */;
			targetProxy = C717CB4D2D7F68AC0030667A /* PBXContainerItemProxy */;
		};
		C717CB582D7F68AC0030667A /* PBXTargetDependency */ = {
			isa = PBXTargetDependency;
			target = C717CB352D7F68AA0030667A /* MiniWeatherApp */;
			targetProxy = C717CB572D7F68AC0030667A /* PBXContainerItemProxy */;
		};
/* End PBXTargetDependency section */

/* Begin XCBuildConfiguration section */
		C717CB602D7F68AC0030667A /* Debug */ = {
			isa = XCBuildConfiguration;
			buildSettings = {
				ASSETCATALOG_COMPILER_APPICON_NAME = AppIcon;
				ASSETCATALOG_COMPILER_GLOBAL_ACCENT_COLOR_NAME = AccentColor;
				CODE_SIGN_STYLE = Automatic;
				CURRENT_PROJECT_VERSION = 1;
				GENERATE_INFOPLIST_FILE = YES;
				INFOPLIST_FILE = MiniWeatherApp/Info.plist;
				INFOPLIST_KEY_UIApplicationSupportsIndirectInputEvents = YES;
				INFOPLIST_KEY_UILaunchStoryboardName = LaunchScreen;
				INFOPLIST_KEY_UISupportedInterfaceOrientations_iPad = "UIInterfaceOrientationPortrait UIInterfaceOrientationPortraitUpsideDown UIInterfaceOrientationLandscapeLeft UIInterfaceOrientationLandscapeRight";
				INFOPLIST_KEY_UISupportedInterfaceOrientations_iPhone = "UIInterfaceOrientationPortrait UIInterfaceOrientationLandscapeLeft UIInterfaceOrientationLandscapeRight";
				IPHONEOS_DEPLOYMENT_TARGET = 17.6;
				LD_RUNPATH_SEARCH_PATHS = (
					"$(inherited)",
					"@executable_path/Frameworks",
				);
				MARKETING_VERSION = 1.0;
				PRODUCT_BUNDLE_IDENTIFIER = koda.MiniWeatherApp;
				PRODUCT_NAME = "$(TARGET_NAME)";
				SWIFT_EMIT_LOC_STRINGS = YES;
				SWIFT_VERSION = 5.0;
				TARGETED_DEVICE_FAMILY = "1,2";
			};
			name = Debug;
		};
		C717CB612D7F68AC0030667A /* Release */ = {
			isa = XCBuildConfiguration;
			buildSettings = {
				ASSETCATALOG_COMPILER_APPICON_NAME = AppIcon;
				ASSETCATALOG_COMPILER_GLOBAL_ACCENT_COLOR_NAME = AccentColor;
				CODE_SIGN_STYLE = Automatic;
				CURRENT_PROJECT_VERSION = 1;
				GENERATE_INFOPLIST_FILE = YES;
				INFOPLIST_FILE = MiniWeatherApp/Info.plist;
				INFOPLIST_KEY_UIApplicationSupportsIndirectInputEvents = YES;
				INFOPLIST_KEY_UILaunchStoryboardName = LaunchScreen;
				INFOPLIST_KEY_UISupportedInterfaceOrientations_iPad = "UIInterfaceOrientationPortrait UIInterfaceOrientationPortraitUpsideDown UIInterfaceOrientationLandscapeLeft UIInterfaceOrientationLandscapeRight";
				INFOPLIST_KEY_UISupportedInterfaceOrientations_iPhone = "UIInterfaceOrientationPortrait UIInterfaceOrientationLandscapeLeft UIInterfaceOrientationLandscapeRight";
				IPHONEOS_DEPLOYMENT_TARGET = 17.6;
				LD_RUNPATH_SEARCH_PATHS = (
					"$(inherited)",
					"@executable_path/Frameworks",
				);
				MARKETING_VERSION = 1.0;
				PRODUCT_BUNDLE_IDENTIFIER = koda.MiniWeatherApp;
				PRODUCT_NAME = "$(TARGET_NAME)";
				SWIFT_EMIT_LOC_STRINGS = YES;
				SWIFT_VERSION = 5.0;
				TARGETED_DEVICE_FAMILY = "1,2";
			};
			name = Release;
		};
		C717CB622D7F68AC0030667A /* Debug */ = {
			isa = XCBuildConfiguration;
			buildSettings = {
				ALWAYS_SEARCH_USER_PATHS = NO;
				ASSETCATALOG_COMPILER_GENERATE_SWIFT_ASSET_SYMBOL_EXTENSIONS = YES;
				CLANG_ANALYZER_NONNULL = YES;
				CLANG_ANALYZER_NUMBER_OBJECT_CONVERSION = YES_AGGRESSIVE;
				CLANG_CXX_LANGUAGE_STANDARD = "gnu++20";
				CLANG_ENABLE_MODULES = YES;
				CLANG_ENABLE_OBJC_ARC = YES;
				CLANG_ENABLE_OBJC_WEAK = YES;
				CLANG_WARN_BLOCK_CAPTURE_AUTORELEASING = YES;
				CLANG_WARN_BOOL_CONVERSION = YES;
				CLANG_WARN_COMMA = YES;
				CLANG_WARN_CONSTANT_CONVERSION = YES;
				CLANG_WARN_DEPRECATED_OBJC_IMPLEMENTATIONS = YES;
				CLANG_WARN_DIRECT_OBJC_ISA_USAGE = YES_ERROR;
				CLANG_WARN_DOCUMENTATION_COMMENTS = YES;
				CLANG_WARN_EMPTY_BODY = YES;
				CLANG_WARN_ENUM_CONVERSION = YES;
				CLANG_WARN_INFINITE_RECURSION = YES;
				CLANG_WARN_INT_CONVERSION = YES;
				CLANG_WARN_NON_LITERAL_NULL_CONVERSION = YES;
				CLANG_WARN_OBJC_IMPLICIT_RETAIN_SELF = YES;
				CLANG_WARN_OBJC_LITERAL_CONVERSION = YES;
				CLANG_WARN_OBJC_ROOT_CLASS = YES_ERROR;
				CLANG_WARN_QUOTED_INCLUDE_IN_FRAMEWORK_HEADER = YES;
				CLANG_WARN_RANGE_LOOP_ANALYSIS = YES;
				CLANG_WARN_STRICT_PROTOTYPES = YES;
				CLANG_WARN_SUSPICIOUS_MOVE = YES;
				CLANG_WARN_UNGUARDED_AVAILABILITY = YES_AGGRESSIVE;
				CLANG_WARN_UNREACHABLE_CODE = YES;
				CLANG_WARN__DUPLICATE_METHOD_MATCH = YES;
				COPY_PHASE_STRIP = NO;
				DEBUG_INFORMATION_FORMAT = dwarf;
				ENABLE_STRICT_OBJC_MSGSEND = YES;
				ENABLE_TESTABILITY = YES;
				ENABLE_USER_SCRIPT_SANDBOXING = YES;
				GCC_C_LANGUAGE_STANDARD = gnu17;
				GCC_DYNAMIC_NO_PIC = NO;
				GCC_NO_COMMON_BLOCKS = YES;
				GCC_OPTIMIZATION_LEVEL = 0;
				GCC_PREPROCESSOR_DEFINITIONS = (
					"DEBUG=1",
					"$(inherited)",
				);
				GCC_WARN_64_TO_32_BIT_CONVERSION = YES;
				GCC_WARN_ABOUT_RETURN_TYPE = YES_ERROR;
				GCC_WARN_UNDECLARED_SELECTOR = YES;
				GCC_WARN_UNINITIALIZED_AUTOS = YES_AGGRESSIVE;
				GCC_WARN_UNUSED_FUNCTION = YES;
				GCC_WARN_UNUSED_VARIABLE = YES;
				IPHONEOS_DEPLOYMENT_TARGET = 18.2;
				LOCALIZATION_PREFERS_STRING_CATALOGS = YES;
				MTL_ENABLE_DEBUG_INFO = INCLUDE_SOURCE;
				MTL_FAST_MATH = YES;
				ONLY_ACTIVE_ARCH = YES;
				SDKROOT = iphoneos;
				SWIFT_ACTIVE_COMPILATION_CONDITIONS = "DEBUG $(inherited)";
				SWIFT_OPTIMIZATION_LEVEL = "-Onone";
			};
			name = Debug;
		};
		C717CB632D7F68AC0030667A /* Release */ = {
			isa = XCBuildConfiguration;
			buildSettings = {
				ALWAYS_SEARCH_USER_PATHS = NO;
				ASSETCATALOG_COMPILER_GENERATE_SWIFT_ASSET_SYMBOL_EXTENSIONS = YES;
				CLANG_ANALYZER_NONNULL = YES;
				CLANG_ANALYZER_NUMBER_OBJECT_CONVERSION = YES_AGGRESSIVE;
				CLANG_CXX_LANGUAGE_STANDARD = "gnu++20";
				CLANG_ENABLE_MODULES = YES;
				CLANG_ENABLE_OBJC_ARC = YES;
				CLANG_ENABLE_OBJC_WEAK = YES;
				CLANG_WARN_BLOCK_CAPTURE_AUTORELEASING = YES;
				CLANG_WARN_BOOL_CONVERSION = YES;
				CLANG_WARN_COMMA = YES;
				CLANG_WARN_CONSTANT_CONVERSION = YES;
				CLANG_WARN_DEPRECATED_OBJC_IMPLEMENTATIONS = YES;
				CLANG_WARN_DIRECT_OBJC_ISA_USAGE = YES_ERROR;
				CLANG_WARN_DOCUMENTATION_COMMENTS = YES;
				CLANG_WARN_EMPTY_BODY = YES;
				CLANG_WARN_ENUM_CONVERSION = YES;
				CLANG_WARN_INFINITE_RECURSION = YES;
				CLANG_WARN_INT_CONVERSION = YES;
				CLANG_WARN_NON_LITERAL_NULL_CONVERSION = YES;
				CLANG_WARN_OBJC_IMPLICIT_RETAIN_SELF = YES;
				CLANG_WARN_OBJC_LITERAL_CONVERSION = YES;
				CLANG_WARN_OBJC_ROOT_CLASS = YES_ERROR;
				CLANG_WARN_QUOTED_INCLUDE_IN_FRAMEWORK_HEADER = YES;
				CLANG_WARN_RANGE_LOOP_ANALYSIS = YES;
				CLANG_WARN_STRICT_PROTOTYPES = YES;
				CLANG_WARN_SUSPICIOUS_MOVE = YES;
				CLANG_WARN_UNGUARDED_AVAILABILITY = YES_AGGRESSIVE;
				CLANG_WARN_UNREACHABLE_CODE = YES;
				CLANG_WARN__DUPLICATE_METHOD_MATCH = YES;
				COPY_PHASE_STRIP = NO;
				DEBUG_INFORMATION_FORMAT = "dwarf-with-dsym";
				ENABLE_NS_ASSERTIONS = NO;
				ENABLE_STRICT_OBJC_MSGSEND = YES;
				ENABLE_USER_SCRIPT_SANDBOXING = YES;
				GCC_C_LANGUAGE_STANDARD = gnu17;
				GCC_NO_COMMON_BLOCKS = YES;
				GCC_WARN_64_TO_32_BIT_CONVERSION = YES;
				GCC_WARN_ABOUT_RETURN_TYPE = YES_ERROR;
				GCC_WARN_UNDECLARED_SELECTOR = YES;
				GCC_WARN_UNINITIALIZED_AUTOS = YES_AGGRESSIVE;
				GCC_WARN_UNUSED_FUNCTION = YES;
				GCC_WARN_UNUSED_VARIABLE = YES;
				IPHONEOS_DEPLOYMENT_TARGET = 18.2;
				LOCALIZATION_PREFERS_STRING_CATALOGS = YES;
				MTL_ENABLE_DEBUG_INFO = NO;
				MTL_FAST_MATH = YES;
				SDKROOT = iphoneos;
				SWIFT_COMPILATION_MODE = wholemodule;
				VALIDATE_PRODUCT = YES;
			};
			name = Release;
		};
		C717CB652D7F68AC0030667A /* Debug */ = {
			isa = XCBuildConfiguration;
			buildSettings = {
				BUNDLE_LOADER = "$(TEST_HOST)";
				CODE_SIGN_STYLE = Automatic;
				CURRENT_PROJECT_VERSION = 1;
				GENERATE_INFOPLIST_FILE = YES;
				IPHONEOS_DEPLOYMENT_TARGET = 18.2;
				MARKETING_VERSION = 1.0;
				PRODUCT_BUNDLE_IDENTIFIER = koda.MiniWeatherAppTests;
				PRODUCT_NAME = "$(TARGET_NAME)";
				SWIFT_EMIT_LOC_STRINGS = NO;
				SWIFT_VERSION = 5.0;
				TARGETED_DEVICE_FAMILY = "1,2";
				TEST_HOST = "$(BUILT_PRODUCTS_DIR)/MiniWeatherApp.app/$(BUNDLE_EXECUTABLE_FOLDER_PATH)/MiniWeatherApp";
			};
			name = Debug;
		};
		C717CB662D7F68AC0030667A /* Release */ = {
			isa = XCBuildConfiguration;
			buildSettings = {
				BUNDLE_LOADER = "$(TEST_HOST)";
				CODE_SIGN_STYLE = Automatic;
				CURRENT_PROJECT_VERSION = 1;
				GENERATE_INFOPLIST_FILE = YES;
				IPHONEOS_DEPLOYMENT_TARGET = 18.2;
				MARKETING_VERSION = 1.0;
				PRODUCT_BUNDLE_IDENTIFIER = koda.MiniWeatherAppTests;
				PRODUCT_NAME = "$(TARGET_NAME)";
				SWIFT_EMIT_LOC_STRINGS = NO;
				SWIFT_VERSION = 5.0;
				TARGETED_DEVICE_FAMILY = "1,2";
				TEST_HOST = "$(BUILT_PRODUCTS_DIR)/MiniWeatherApp.app/$(BUNDLE_EXECUTABLE_FOLDER_PATH)/MiniWeatherApp";
			};
			name = Release;
		};
		C717CB682D7F68AC0030667A /* Debug */ = {
			isa = XCBuildConfiguration;
			buildSettings = {
				CODE_SIGN_STYLE = Automatic;
				CURRENT_PROJECT_VERSION = 1;
				GENERATE_INFOPLIST_FILE = YES;
				MARKETING_VERSION = 1.0;
				PRODUCT_BUNDLE_IDENTIFIER = koda.MiniWeatherAppUITests;
				PRODUCT_NAME = "$(TARGET_NAME)";
				SWIFT_EMIT_LOC_STRINGS = NO;
				SWIFT_VERSION = 5.0;
				TARGETED_DEVICE_FAMILY = "1,2";
				TEST_TARGET_NAME = MiniWeatherApp;
			};
			name = Debug;
		};
		C717CB692D7F68AC0030667A /* Release */ = {
			isa = XCBuildConfiguration;
			buildSettings = {
				CODE_SIGN_STYLE = Automatic;
				CURRENT_PROJECT_VERSION = 1;
				GENERATE_INFOPLIST_FILE = YES;
				MARKETING_VERSION = 1.0;
				PRODUCT_BUNDLE_IDENTIFIER = koda.MiniWeatherAppUITests;
				PRODUCT_NAME = "$(TARGET_NAME)";
				SWIFT_EMIT_LOC_STRINGS = NO;
				SWIFT_VERSION = 5.0;
				TARGETED_DEVICE_FAMILY = "1,2";
				TEST_TARGET_NAME = MiniWeatherApp;
			};
			name = Release;
		};
/* End XCBuildConfiguration section */

/* Begin XCConfigurationList section */
		C717CB312D7F68AA0030667A /* Build configuration list for PBXProject "MiniWeatherApp" */ = {
			isa = XCConfigurationList;
			buildConfigurations = (
				C717CB622D7F68AC0030667A /* Debug */,
				C717CB632D7F68AC0030667A /* Release */,
			);
			defaultConfigurationIsVisible = 0;
			defaultConfigurationName = Release;
		};
		C717CB5F2D7F68AC0030667A /* Build configuration list for PBXNativeTarget "MiniWeatherApp" */ = {
			isa = XCConfigurationList;
			buildConfigurations = (
				C717CB602D7F68AC0030667A /* Debug */,
				C717CB612D7F68AC0030667A /* Release */,
			);
			defaultConfigurationIsVisible = 0;
			defaultConfigurationName = Release;
		};
		C717CB642D7F68AC0030667A /* Build configuration list for PBXNativeTarget "MiniWeatherAppTests" */ = {
			isa = XCConfigurationList;
			buildConfigurations = (
				C717CB652D7F68AC0030667A /* Debug */,
				C717CB662D7F68AC0030667A /* Release */,
			);
			defaultConfigurationIsVisible = 0;
			defaultConfigurationName = Release;
		};
		C717CB672D7F68AC0030667A /* Build configuration list for PBXNativeTarget "MiniWeatherAppUITests" */ = {
			isa = XCConfigurationList;
			buildConfigurations = (
				C717CB682D7F68AC0030667A /* Debug */,
				C717CB692D7F68AC0030667A /* Release */,
			);
			defaultConfigurationIsVisible = 0;
			defaultConfigurationName = Release;
		};
/* End XCConfigurationList section */
	};
	rootObject = C717CB2E2D7F68AA0030667A /* Project object */;
}
